
Microsoft Visual Studio Solution File, Format Version 12.00
# Visual Studio Version 17
VisualStudioVersion = 17.11.35327.3
MinimumVisualStudioVersion = 10.0.40219.1
Project("{9A19103F-16F7-4668-BE54-9A1E7A4F7556}") = "Simulator", "Simulator\Simulator.csproj", "{D09D13A4-3C27-42E5-8801-406238843118}"
EndProject
Project("{9A19103F-16F7-4668-BE54-9A1E7A4F7556}") = "Runner", "Runner\Runner.csproj", "{6966BB6B-059A-4825-86CF-D01F92AED3DA}"
EndProject
Project("{9A19103F-16F7-4668-BE54-9A1E7A4F7556}") = "TestSimulator", "TestSimulator\TestSimulator.csproj", "{53FC023D-4F46-4AAA-8E46-02873CD0E411}"
EndProject
Project("{9A19103F-16F7-4668-BE54-9A1E7A4F7556}") = "SimConsole", "SimConsole\SimConsole.csproj", "{61F078C7-7076-439F-8343-2EA33EA86D40}"
	ProjectSection(ProjectDependencies) = postProject
		{D09D13A4-3C27-42E5-8801-406238843118} = {D09D13A4-3C27-42E5-8801-406238843118}
	EndProjectSection
EndProject
Global
	GlobalSection(SolutionConfigurationPlatforms) = preSolution
		Debug|Any CPU = Debug|Any CPU
		Release|Any CPU = Release|Any CPU
	EndGlobalSection
	GlobalSection(ProjectConfigurationPlatforms) = postSolution
		{D09D13A4-3C27-42E5-8801-406238843118}.Debug|Any CPU.ActiveCfg = Debug|Any CPU
		{D09D13A4-3C27-42E5-8801-406238843118}.Debug|Any CPU.Build.0 = Debug|Any CPU
		{D09D13A4-3C27-42E5-8801-406238843118}.Release|Any CPU.ActiveCfg = Release|Any CPU
		{D09D13A4-3C27-42E5-8801-406238843118}.Release|Any CPU.Build.0 = Release|Any CPU
		{6966BB6B-059A-4825-86CF-D01F92AED3DA}.Debug|Any CPU.ActiveCfg = Debug|Any CPU
		{6966BB6B-059A-4825-86CF-D01F92AED3DA}.Debug|Any CPU.Build.0 = Debug|Any CPU
		{6966BB6B-059A-4825-86CF-D01F92AED3DA}.Release|Any CPU.ActiveCfg = Release|Any CPU
		{6966BB6B-059A-4825-86CF-D01F92AED3DA}.Release|Any CPU.Build.0 = Release|Any CPU
		{53FC023D-4F46-4AAA-8E46-02873CD0E411}.Debug|Any CPU.ActiveCfg = Debug|Any CPU
		{53FC023D-4F46-4AAA-8E46-02873CD0E411}.Debug|Any CPU.Build.0 = Debug|Any CPU
		{53FC023D-4F46-4AAA-8E46-02873CD0E411}.Release|Any CPU.ActiveCfg = Release|Any CPU
		{53FC023D-4F46-4AAA-8E46-02873CD0E411}.Release|Any CPU.Build.0 = Release|Any CPU
		{61F078C7-7076-439F-8343-2EA33EA86D40}.Debug|Any CPU.ActiveCfg = Debug|Any CPU
		{61F078C7-7076-439F-8343-2EA33EA86D40}.Debug|Any CPU.Build.0 = Debug|Any CPU
		{61F078C7-7076-439F-8343-2EA33EA86D40}.Release|Any CPU.ActiveCfg = Release|Any CPU
		{61F078C7-7076-439F-8343-2EA33EA86D40}.Release|Any CPU.Build.0 = Release|Any CPU
	EndGlobalSection
	GlobalSection(SolutionProperties) = preSolution
		HideSolutionNode = FALSE
	EndGlobalSection
	GlobalSection(ExtensibilityGlobals) = postSolution
		SolutionGuid = {4D7A6344-21C3-4A2C-86A2-7BBF642ED2D1}
	EndGlobalSection
EndGlobal
